<?xml version="1.0" encoding="utf-8"?>
<Project ToolsVersion="4.0" xmlns="http://schemas.microsoft.com/developer/msbuild/2003">
  <ItemGroup>
    <Filter Include="소스 파일">
      <UniqueIdentifier>{4FC737F1-C7A5-4376-A066-2A32D752A2FF}</UniqueIdentifier>
      <Extensions>cpp;c;cc;cxx;c++;cppm;ixx;def;odl;idl;hpj;bat;asm;asmx</Extensions>
    </Filter>
    <Filter Include="헤더 파일">
      <UniqueIdentifier>{93995380-89BD-4b04-88EB-625FBE52EBFB}</UniqueIdentifier>
      <Extensions>h;hh;hpp;hxx;h++;hm;inl;inc;ipp;xsd</Extensions>
    </Filter>
    <Filter Include="리소스 파일">
      <UniqueIdentifier>{67DA6AB6-F800-4c08-8B7A-83BB121AAD01}</UniqueIdentifier>
      <Extensions>rc;ico;cur;bmp;dlg;rc2;rct;bin;rgs;gif;jpg;jpeg;jpe;resx;tiff;tif;png;wav;mfcribbon-ms</Extensions>
    </Filter>
    <Filter Include="소스 파일\ReceiveProtocol">
      <UniqueIdentifier>{33ca1b0d-ad8f-4e19-b44e-d3e06f3d8f1f}</UniqueIdentifier>
    </Filter>
    <Filter Include="헤더 파일\ReceiveProtocol">
      <UniqueIdentifier>{c40fb626-a61a-4aff-b28a-dec37216b488}</UniqueIdentifier>
    </Filter>
    <Filter Include="헤더 파일\Common">
      <UniqueIdentifier>{d0b8405c-282e-4acd-8ed7-2ec280791b80}</UniqueIdentifier>
    </Filter>
    <Filter Include="헤더 파일\MemoryEngine">
      <UniqueIdentifier>{81ebcd90-94b2-4bf4-aaa1-a31dda2bb27a}</UniqueIdentifier>
    </Filter>
    <Filter Include="헤더 파일\Common\SettingLoader">
      <UniqueIdentifier>{db99680e-b8bf-481e-ac1f-5f7caae9deb3}</UniqueIdentifier>
    </Filter>
    <Filter Include="소스 파일\Network">
      <UniqueIdentifier>{255069c1-e998-4928-acb0-dc9aeee2e36c}</UniqueIdentifier>
    </Filter>
    <Filter Include="헤더 파일\Network">
      <UniqueIdentifier>{445aa935-f05d-4fd1-80c2-f6613cb9283f}</UniqueIdentifier>
    </Filter>
  </ItemGroup>
  <ItemGroup>
    <ClCompile Include="main.cpp">
      <Filter>소스 파일</Filter>
    </ClCompile>
    <ClCompile Include="ProtocolHTTP.cpp">
      <Filter>소스 파일\ReceiveProtocol</Filter>
    </ClCompile>
    <ClCompile Include="CommandGenerater.cpp">
      <Filter>소스 파일</Filter>
    </ClCompile>
    <ClCompile Include="BufferWriter.cpp">
      <Filter>소스 파일</Filter>
    </ClCompile>
    <ClCompile Include="FileReader.cpp">
      <Filter>소스 파일</Filter>
    </ClCompile>
    <ClCompile Include="..\CLICommon\INISettingLoader.cpp">
      <Filter>소스 파일</Filter>
    </ClCompile>
    <ClCompile Include="Server.cpp">
      <Filter>소스 파일\Network</Filter>
    </ClCompile>
    <ClCompile Include="HTTPServer.cpp">
      <Filter>소스 파일\Network</Filter>
    </ClCompile>
    <ClCompile Include="TCPServer.cpp">
      <Filter>소스 파일\Network</Filter>
    </ClCompile>
    <ClCompile Include="Util.cpp">
      <Filter>소스 파일</Filter>
    </ClCompile>
  </ItemGroup>
  <ItemGroup>
    <ClInclude Include="resource.h">
      <Filter>헤더 파일</Filter>
    </ClInclude>
    <ClInclude Include="ProtocolBase.h">
      <Filter>헤더 파일\ReceiveProtocol</Filter>
    </ClInclude>
    <ClInclude Include="ProtocolHTTP.h">
      <Filter>헤더 파일\ReceiveProtocol</Filter>
    </ClInclude>
    <ClInclude Include="..\CLICommon\CLIPacketStruct.h">
      <Filter>헤더 파일\Common</Filter>
    </ClInclude>
    <ClInclude Include="..\CLICommon\ProtocolID.h">
      <Filter>헤더 파일\Common</Filter>
    </ClInclude>
    <ClInclude Include="..\CLICommon\Defines.h">
      <Filter>헤더 파일\Common</Filter>
    </ClInclude>
    <ClInclude Include="CommandGenerater.h">
      <Filter>헤더 파일</Filter>
    </ClInclude>
    <ClInclude Include="BufferWriter.h">
      <Filter>헤더 파일</Filter>
    </ClInclude>
    <ClInclude Include="FileReader.h">
      <Filter>헤더 파일</Filter>
    </ClInclude>
    <ClInclude Include="..\CLICommon\MemoryStreamPool.h">
      <Filter>헤더 파일\MemoryEngine</Filter>
    </ClInclude>
    <ClInclude Include="..\CLICommon\MemoryPool.h">
      <Filter>헤더 파일\MemoryEngine</Filter>
    </ClInclude>
    <ClInclude Include="..\CLICommon\SettingLoader.h">
      <Filter>헤더 파일\Common\SettingLoader</Filter>
    </ClInclude>
    <ClInclude Include="..\CLICommon\INISettingLoader.h">
      <Filter>헤더 파일\Common\SettingLoader</Filter>
    </ClInclude>
    <ClInclude Include="HTTPServer.h">
      <Filter>헤더 파일\Network</Filter>
    </ClInclude>
    <ClInclude Include="Server.h">
      <Filter>헤더 파일\Network</Filter>
    </ClInclude>
    <ClInclude Include="TCPServer.h">
      <Filter>헤더 파일\Network</Filter>
    </ClInclude>
    <ClInclude Include="Util.h">
      <Filter>헤더 파일</Filter>
    </ClInclude>
  </ItemGroup>
  <ItemGroup>
    <ResourceCompile Include="CLIServer.rc">
      <Filter>리소스 파일</Filter>
    </ResourceCompile>
  </ItemGroup>
</Project>