<?xml version="1.0" encoding="utf-8"?>
<Project ToolsVersion="4.0" xmlns="http://schemas.microsoft.com/developer/msbuild/2003">
  <ItemGroup>
    <Filter Include="소스 파일">
      <UniqueIdentifier>{4FC737F1-C7A5-4376-A066-2A32D752A2FF}</UniqueIdentifier>
      <Extensions>cpp;c;cc;cxx;c++;cppm;ixx;def;odl;idl;hpj;bat;asm;asmx</Extensions>
    </Filter>
    <Filter Include="헤더 파일">
      <UniqueIdentifier>{93995380-89BD-4b04-88EB-625FBE52EBFB}</UniqueIdentifier>
      <Extensions>h;hh;hpp;hxx;h++;hm;inl;inc;ipp;xsd</Extensions>
    </Filter>
    <Filter Include="리소스 파일">
      <UniqueIdentifier>{67DA6AB6-F800-4c08-8B7A-83BB121AAD01}</UniqueIdentifier>
      <Extensions>rc;ico;cur;bmp;dlg;rc2;rct;bin;rgs;gif;jpg;jpeg;jpe;resx;tiff;tif;png;wav;mfcribbon-ms</Extensions>
    </Filter>
    <Filter Include="헤더 파일\Common">
      <UniqueIdentifier>{fe623ab5-d0a1-49a3-bded-5f73f1349333}</UniqueIdentifier>
    </Filter>
    <Filter Include="헤더 파일\Common\SettingLoader">
      <UniqueIdentifier>{99f4b202-500a-4b1b-9160-3a53688a4f14}</UniqueIdentifier>
    </Filter>
    <Filter Include="소스 파일\lib">
      <UniqueIdentifier>{33564d2e-3e6a-4884-b252-19d7c9521a91}</UniqueIdentifier>
    </Filter>
    <Filter Include="소스 파일\lib\jsoncpp">
      <UniqueIdentifier>{198689c6-c1ce-49f8-a7a6-8f2d7820f876}</UniqueIdentifier>
    </Filter>
    <Filter Include="소스 파일\Network">
      <UniqueIdentifier>{a5daec65-0690-4169-b8a9-b331b32d2a13}</UniqueIdentifier>
    </Filter>
    <Filter Include="헤더 파일\Network">
      <UniqueIdentifier>{4d699162-410e-4fc4-bbf6-19d4031afc84}</UniqueIdentifier>
    </Filter>
  </ItemGroup>
  <ItemGroup>
    <ClCompile Include="main.cpp">
      <Filter>소스 파일</Filter>
    </ClCompile>
    <ClCompile Include="..\CLICommon\INISettingLoader.cpp">
      <Filter>소스 파일</Filter>
    </ClCompile>
    <ClCompile Include="..\lib\jsoncpp\src\lib_json\json_reader.cpp">
      <Filter>소스 파일\lib\jsoncpp</Filter>
    </ClCompile>
    <ClCompile Include="..\lib\jsoncpp\src\lib_json\json_value.cpp">
      <Filter>소스 파일\lib\jsoncpp</Filter>
    </ClCompile>
    <ClCompile Include="..\lib\jsoncpp\src\lib_json\json_writer.cpp">
      <Filter>소스 파일\lib\jsoncpp</Filter>
    </ClCompile>
    <ClCompile Include="TCPClient.cpp">
      <Filter>소스 파일\Network</Filter>
    </ClCompile>
    <ClCompile Include="Util.cpp">
      <Filter>소스 파일</Filter>
    </ClCompile>
    <ClCompile Include="Socket.cpp">
      <Filter>소스 파일</Filter>
    </ClCompile>
  </ItemGroup>
  <ItemGroup>
    <ClInclude Include="resource.h">
      <Filter>헤더 파일</Filter>
    </ClInclude>
    <ClInclude Include="..\CLICommon\ProtocolID.h">
      <Filter>헤더 파일\Common</Filter>
    </ClInclude>
    <ClInclude Include="..\CLICommon\SettingLoader.h">
      <Filter>헤더 파일\Common\SettingLoader</Filter>
    </ClInclude>
    <ClInclude Include="..\CLICommon\INISettingLoader.h">
      <Filter>헤더 파일\Common\SettingLoader</Filter>
    </ClInclude>
    <ClInclude Include="TCPClient.h">
      <Filter>헤더 파일\Network</Filter>
    </ClInclude>
    <ClInclude Include="Util.h">
      <Filter>헤더 파일</Filter>
    </ClInclude>
    <ClInclude Include="Socket.h">
      <Filter>헤더 파일</Filter>
    </ClInclude>
  </ItemGroup>
  <ItemGroup>
    <ResourceCompile Include="CLIClient.rc">
      <Filter>리소스 파일</Filter>
    </ResourceCompile>
  </ItemGroup>
</Project>